
Microsoft Visual Studio Solution File, Format Version 12.00
# Visual Studio Version 17
VisualStudioVersion = 17.8.34511.84
MinimumVisualStudioVersion = 10.0.40219.1
Project("{FAE04EC0-301F-11D3-BF4B-00C04F79EFBC}") = "Traveless", "Traveless\Traveless.csproj", "{1391C963-B62D-432D-9158-521F67A9C903}"
EndProject
Global
	GlobalSection(SolutionConfigurationPlatforms) = preSolution
		Debug|Any CPU = Debug|Any CPU
		Release|Any CPU = Release|Any CPU
	EndGlobalSection
	GlobalSection(ProjectConfigurationPlatforms) = postSolution
		{1391C963-B62D-432D-9158-521F67A9C903}.Debug|Any CPU.ActiveCfg = Debug|Any CPU
		{1391C963-B62D-432D-9158-521F67A9C903}.Debug|Any CPU.Build.0 = Debug|Any CPU
		{1391C963-B62D-432D-9158-521F67A9C903}.Debug|Any CPU.Deploy.0 = Debug|Any CPU
		{1391C963-B62D-432D-9158-521F67A9C903}.Release|Any CPU.ActiveCfg = Release|Any CPU
		{1391C963-B62D-432D-9158-521F67A9C903}.Release|Any CPU.Build.0 = Release|Any CPU
		{1391C963-B62D-432D-9158-521F67A9C903}.Release|Any CPU.Deploy.0 = Release|Any CPU
	EndGlobalSection
	GlobalSection(SolutionProperties) = preSolution
		HideSolutionNode = FALSE
	EndGlobalSection
	GlobalSection(ExtensibilityGlobals) = postSolution
		SolutionGuid = {CBF16E83-E66D-4895-963D-37AFB07CA347}
	EndGlobalSection
EndGlobal
